{
  "name": "canvas-based-platformer",
  "version": "1.0.0",
  "lockfileVersion": 3,
  "requires": true,
  "packages": {
    "": {
      "name": "canvas-based-platformer",
      "version": "1.0.0",
      "license": "ISC",
      "dependencies": {
        "canvas-based-core": "^1.0.4"
      },
      "devDependencies": {}
    },
    "node_modules/canvas-based-core": {
      "version": "1.0.4",
      "resolved": "https://registry.npmjs.org/canvas-based-core/-/canvas-based-core-1.0.4.tgz",
      "integrity": "sha512-87xDgc3AG92W/4xLRShGH+0a+HUmrlRGRW1c8ytJ6LThpStzWn6Qk+H+ySdIIwqCGvTf8Fr4SI25R0EEDBd58g==",
      "license": "ISC"
    }
  }
}
