{
  "name": "canvas-based-platformer",
  "lockfileVersion": 3,
  "requires": true,
  "packages": {
    "": {
      "dependencies": {
        "canvas-based-core": "^1.0.1"
      }
    },
    "node_modules/canvas-based-core": {
      "version": "1.0.1",
      "resolved": "https://registry.npmjs.org/canvas-based-core/-/canvas-based-core-1.0.1.tgz",
      "integrity": "sha512-RLs6CfjNXOjNSBPH41vQ3egcNfpvUpCWh8ENA9L0kWbXSCxhRfJAmlwL7aT9HsFi++G6ydumbHc+IkvD6avMGw==",
      "license": "ISC"
    }
  }
}
